// !$*UTF8*$!
{
	archiveVersion = 1;
	classes = {
	};
	objectVersion = 55;
	objects = {

/* Begin PBXBuildFile section */
		2325852527907F4900A455AE /* AppDelegate.swift in Sources */ = {isa = PBXBuildFile; fileRef = 2325852427907F4900A455AE /* AppDelegate.swift */; };
		2325852727907F4900A455AE /* SceneDelegate.swift in Sources */ = {isa = PBXBuildFile; fileRef = 2325852627907F4900A455AE /* SceneDelegate.swift */; };
		2325852927907F4900A455AE /* ViewController.swift in Sources */ = {isa = PBXBuildFile; fileRef = 2325852827907F4900A455AE /* ViewController.swift */; };
		2325852C27907F4900A455AE /* Main.storyboard in Resources */ = {isa = PBXBuildFile; fileRef = 2325852A27907F4900A455AE /* Main.storyboard */; };
		2325852F27907F4900A455AE /* TravelBook.xcdatamodeld in Sources */ = {isa = PBXBuildFile; fileRef = 2325852D27907F4900A455AE /* TravelBook.xcdatamodeld */; };
		2325853127907F4A00A455AE /* Assets.xcassets in Resources */ = {isa = PBXBuildFile; fileRef = 2325853027907F4A00A455AE /* Assets.xcassets */; };
		2325853427907F4A00A455AE /* LaunchScreen.storyboard in Resources */ = {isa = PBXBuildFile; fileRef = 2325853227907F4A00A455AE /* LaunchScreen.storyboard */; };
		2325853F27907F4A00A455AE /* TravelBookTests.swift in Sources */ = {isa = PBXBuildFile; fileRef = 2325853E27907F4A00A455AE /* TravelBookTests.swift */; };
		2325854927907F4A00A455AE /* TravelBookUITests.swift in Sources */ = {isa = PBXBuildFile; fileRef = 2325854827907F4A00A455AE /* TravelBookUITests.swift */; };
		2325854B27907F4A00A455AE /* TravelBookUITestsLaunchTests.swift in Sources */ = {isa = PBXBuildFile; fileRef = 2325854A27907F4A00A455AE /* TravelBookUITestsLaunchTests.swift */; };
		232585582790B2D700A455AE /* listViewController.swift in Sources */ = {isa = PBXBuildFile; fileRef = 232585572790B2D700A455AE /* listViewController.swift */; };
/* End PBXBuildFile section */

/* Begin PBXContainerItemProxy section */
		2325853B27907F4A00A455AE /* PBXContainerItemProxy */ = {
			isa = PBXContainerItemProxy;
			containerPortal = 2325851927907F4900A455AE /* Project object */;
			proxyType = 1;
			remoteGlobalIDString = 2325852027907F4900A455AE;
			remoteInfo = TravelBook;
		};
		2325854527907F4A00A455AE /* PBXContainerItemProxy */ = {
			isa = PBXContainerItemProxy;
			containerPortal = 2325851927907F4900A455AE /* Project object */;
			proxyType = 1;
			remoteGlobalIDString = 2325852027907F4900A455AE;
			remoteInfo = TravelBook;
		};
/* End PBXContainerItemProxy section */

/* Begin PBXFileReference section */
		2325852127907F4900A455AE /* TravelBook.app */ = {isa = PBXFileReference; explicitFileType = wrapper.application; includeInIndex = 0; path = TravelBook.app; sourceTree = BUILT_PRODUCTS_DIR; };
		2325852427907F4900A455AE /* AppDelegate.swift */ = {isa = PBXFileReference; lastKnownFileType = sourcecode.swift; path = AppDelegate.swift; sourceTree = "<group>"; };
		2325852627907F4900A455AE /* SceneDelegate.swift */ = {isa = PBXFileReference; lastKnownFileType = sourcecode.swift; path = SceneDelegate.swift; sourceTree = "<group>"; };
		2325852827907F4900A455AE /* ViewController.swift */ = {isa = PBXFileReference; lastKnownFileType = sourcecode.swift; path = ViewController.swift; sourceTree = "<group>"; };
		2325852B27907F4900A455AE /* Base */ = {isa = PBXFileReference; lastKnownFileType = file.storyboard; name = Base; path = Base.lproj/Main.storyboard; sourceTree = "<group>"; };
		2325852E27907F4900A455AE /* TravelBook.xcdatamodel */ = {isa = PBXFileReference; lastKnownFileType = wrapper.xcdatamodel; path = TravelBook.xcdatamodel; sourceTree = "<group>"; };
		2325853027907F4A00A455AE /* Assets.xcassets */ = {isa = PBXFileReference; lastKnownFileType = folder.assetcatalog; path = Assets.xcassets; sourceTree = "<group>"; };
		2325853327907F4A00A455AE /* Base */ = {isa = PBXFileReference; lastKnownFileType = file.storyboard; name = Base; path = Base.lproj/LaunchScreen.storyboard; sourceTree = "<group>"; };
		2325853527907F4A00A455AE /* Info.plist */ = {isa = PBXFileReference; lastKnownFileType = text.plist.xml; path = Info.plist; sourceTree = "<group>"; };
		2325853A27907F4A00A455AE /* TravelBookTests.xctest */ = {isa = PBXFileReference; explicitFileType = wrapper.cfbundle; includeInIndex = 0; path = TravelBookTests.xctest; sourceTree = BUILT_PRODUCTS_DIR; };
		2325853E27907F4A00A455AE /* TravelBookTests.swift */ = {isa = PBXFileReference; lastKnownFileType = sourcecode.swift; path = TravelBookTests.swift; sourceTree = "<group>"; };
		2325854427907F4A00A455AE /* TravelBookUITests.xctest */ = {isa = PBXFileReference; explicitFileType = wrapper.cfbundle; includeInIndex = 0; path = TravelBookUITests.xctest; sourceTree = BUILT_PRODUCTS_DIR; };
		2325854827907F4A00A455AE /* TravelBookUITests.swift */ = {isa = PBXFileReference; lastKnownFileType = sourcecode.swift; path = TravelBookUITests.swift; sourceTree = "<group>"; };
		2325854A27907F4A00A455AE /* TravelBookUITestsLaunchTests.swift */ = {isa = PBXFileReference; lastKnownFileType = sourcecode.swift; path = TravelBookUITestsLaunchTests.swift; sourceTree = "<group>"; };
		232585572790B2D700A455AE /* listViewController.swift */ = {isa = PBXFileReference; lastKnownFileType = sourcecode.swift; path = listViewController.swift; sourceTree = "<group>"; };
/* End PBXFileReference section */

/* Begin PBXFrameworksBuildPhase section */
		2325851E27907F4900A455AE /* Frameworks */ = {
			isa = PBXFrameworksBuildPhase;
			buildActionMask = 2147483647;
			files = (
			);
			runOnlyForDeploymentPostprocessing = 0;
		};
		2325853727907F4A00A455AE /* Frameworks */ = {
			isa = PBXFrameworksBuildPhase;
			buildActionMask = 2147483647;
			files = (
			);
			runOnlyForDeploymentPostprocessing = 0;
		};
		2325854127907F4A00A455AE /* Frameworks */ = {
			isa = PBXFrameworksBuildPhase;
			buildActionMask = 2147483647;
			files = (
			);
			runOnlyForDeploymentPostprocessing = 0;
		};
/* End PBXFrameworksBuildPhase section */

/* Begin PBXGroup section */
		2325851827907F4900A455AE = {
			isa = PBXGroup;
			children = (
				2325852327907F4900A455AE /* TravelBook */,
				2325853D27907F4A00A455AE /* TravelBookTests */,
				2325854727907F4A00A455AE /* TravelBookUITests */,
				2325852227907F4900A455AE /* Products */,
			);
			sourceTree = "<group>";
		};
		2325852227907F4900A455AE /* Products */ = {
			isa = PBXGroup;
			children = (
				2325852127907F4900A455AE /* TravelBook.app */,
				2325853A27907F4A00A455AE /* TravelBookTests.xctest */,
				2325854427907F4A00A455AE /* TravelBookUITests.xctest */,
			);
			name = Products;
			sourceTree = "<group>";
		};
		2325852327907F4900A455AE /* TravelBook */ = {
			isa = PBXGroup;
			children = (
				2325852427907F4900A455AE /* AppDelegate.swift */,
				2325852627907F4900A455AE /* SceneDelegate.swift */,
				2325852827907F4900A455AE /* ViewController.swift */,
				2325852A27907F4900A455AE /* Main.storyboard */,
				232585572790B2D700A455AE /* listViewController.swift */,
				2325853027907F4A00A455AE /* Assets.xcassets */,
				2325853227907F4A00A455AE /* LaunchScreen.storyboard */,
				2325853527907F4A00A455AE /* Info.plist */,
				2325852D27907F4900A455AE /* TravelBook.xcdatamodeld */,
			);
			path = TravelBook;
			sourceTree = "<group>";
		};
		2325853D27907F4A00A455AE /* TravelBookTests */ = {
			isa = PBXGroup;
			children = (
				2325853E27907F4A00A455AE /* TravelBookTests.swift */,
			);
			path = TravelBookTests;
			sourceTree = "<group>";
		};
		2325854727907F4A00A455AE /* TravelBookUITests */ = {
			isa = PBXGroup;
			children = (
				2325854827907F4A00A455AE /* TravelBookUITests.swift */,
				2325854A27907F4A00A455AE /* TravelBookUITestsLaunchTests.swift */,
			);
			path = TravelBookUITests;
			sourceTree = "<group>";
		};
/* End PBXGroup section */

/* Begin PBXNativeTarget section */
		2325852027907F4900A455AE /* TravelBook */ = {
			isa = PBXNativeTarget;
			buildConfigurationList = 2325854E27907F4A00A455AE /* Build configuration list for PBXNativeTarget "TravelBook" */;
			buildPhases = (
				2325851D27907F4900A455AE /* Sources */,
				2325851E27907F4900A455AE /* Frameworks */,
				2325851F27907F4900A455AE /* Resources */,
			);
			buildRules = (
			);
			dependencies = (
			);
			name = TravelBook;
			productName = TravelBook;
			productReference = 2325852127907F4900A455AE /* TravelBook.app */;
			productType = "com.apple.product-type.application";
		};
		2325853927907F4A00A455AE /* TravelBookTests */ = {
			isa = PBXNativeTarget;
			buildConfigurationList = 2325855127907F4A00A455AE /* Build configuration list for PBXNativeTarget "TravelBookTests" */;
			buildPhases = (
				2325853627907F4A00A455AE /* Sources */,
				2325853727907F4A00A455AE /* Frameworks */,
				2325853827907F4A00A455AE /* Resources */,
			);
			buildRules = (
			);
			dependencies = (
				2325853C27907F4A00A455AE /* PBXTargetDependency */,
			);
			name = TravelBookTests;
			productName = TravelBookTests;
			productReference = 2325853A27907F4A00A455AE /* TravelBookTests.xctest */;
			productType = "com.apple.product-type.bundle.unit-test";
		};
		2325854327907F4A00A455AE /* TravelBookUITests */ = {
			isa = PBXNativeTarget;
			buildConfigurationList = 2325855427907F4A00A455AE /* Build configuration list for PBXNativeTarget "TravelBookUITests" */;
			buildPhases = (
				2325854027907F4A00A455AE /* Sources */,
				2325854127907F4A00A455AE /* Frameworks */,
				2325854227907F4A00A455AE /* Resources */,
			);
			buildRules = (
			);
			dependencies = (
				2325854627907F4A00A455AE /* PBXTargetDependency */,
			);
			name = TravelBookUITests;
			productName = TravelBookUITests;
			productReference = 2325854427907F4A00A455AE /* TravelBookUITests.xctest */;
			productType = "com.apple.product-type.bundle.ui-testing";
		};
/* End PBXNativeTarget section */

/* Begin PBXProject section */
		2325851927907F4900A455AE /* Project object */ = {
			isa = PBXProject;
			attributes = {
				BuildIndependentTargetsInParallel = 1;
				LastSwiftUpdateCheck = 1320;
				LastUpgradeCheck = 1320;
				TargetAttributes = {
					2325852027907F4900A455AE = {
						CreatedOnToolsVersion = 13.2.1;
					};
					2325853927907F4A00A455AE = {
						CreatedOnToolsVersion = 13.2.1;
						TestTargetID = 2325852027907F4900A455AE;
					};
					2325854327907F4A00A455AE = {
						CreatedOnToolsVersion = 13.2.1;
						TestTargetID = 2325852027907F4900A455AE;
					};
				};
			};
			buildConfigurationList = 2325851C27907F4900A455AE /* Build configuration list for PBXProject "TravelBook" */;
			compatibilityVersion = "Xcode 13.0";
			developmentRegion = en;
			hasScannedForEncodings = 0;
			knownRegions = (
				en,
				Base,
			);
			mainGroup = 2325851827907F4900A455AE;
			productRefGroup = 2325852227907F4900A455AE /* Products */;
			projectDirPath = "";
			projectRoot = "";
			targets = (
				2325852027907F4900A455AE /* TravelBook */,
				2325853927907F4A00A455AE /* TravelBookTests */,
				2325854327907F4A00A455AE /* TravelBookUITests */,
			);
		};
/* End PBXProject section */

/* Begin PBXResourcesBuildPhase section */
		2325851F27907F4900A455AE /* Resources */ = {
			isa = PBXResourcesBuildPhase;
			buildActionMask = 2147483647;
			files = (
				2325853427907F4A00A455AE /* LaunchScreen.storyboard in Resources */,
				2325853127907F4A00A455AE /* Assets.xcassets in Resources */,
				2325852C27907F4900A455AE /* Main.storyboard in Resources */,
			);
			runOnlyForDeploymentPostprocessing = 0;
		};
		2325853827907F4A00A455AE /* Resources */ = {
			isa = PBXResourcesBuildPhase;
			buildActionMask = 2147483647;
			files = (
			);
			runOnlyForDeploymentPostprocessing = 0;
		};
		2325854227907F4A00A455AE /* Resources */ = {
			isa = PBXResourcesBuildPhase;
			buildActionMask = 2147483647;
			files = (
			);
			runOnlyForDeploymentPostprocessing = 0;
		};
/* End PBXResourcesBuildPhase section */

/* Begin PBXSourcesBuildPhase section */
		2325851D27907F4900A455AE /* Sources */ = {
			isa = PBXSourcesBuildPhase;
			buildActionMask = 2147483647;
			files = (
				2325852F27907F4900A455AE /* TravelBook.xcdatamodeld in Sources */,
				232585582790B2D700A455AE /* listViewController.swift in Sources */,
				2325852927907F4900A455AE /* ViewController.swift in Sources */,
				2325852527907F4900A455AE /* AppDelegate.swift in Sources */,
				2325852727907F4900A455AE /* SceneDelegate.swift in Sources */,
			);
			runOnlyForDeploymentPostprocessing = 0;
		};
		2325853627907F4A00A455AE /* Sources */ = {
			isa = PBXSourcesBuildPhase;
			buildActionMask = 2147483647;
			files = (
				2325853F27907F4A00A455AE /* TravelBookTests.swift in Sources */,
			);
			runOnlyForDeploymentPostprocessing = 0;
		};
		2325854027907F4A00A455AE /* Sources */ = {
			isa = PBXSourcesBuildPhase;
			buildActionMask = 2147483647;
			files = (
				2325854927907F4A00A455AE /* TravelBookUITests.swift in Sources */,
				2325854B27907F4A00A455AE /* TravelBookUITestsLaunchTests.swift in Sources */,
			);
			runOnlyForDeploymentPostprocessing = 0;
		};
/* End PBXSourcesBuildPhase section */

/* Begin PBXTargetDependency section */
		2325853C27907F4A00A455AE /* PBXTargetDependency */ = {
			isa = PBXTargetDependency;
			target = 2325852027907F4900A455AE /* TravelBook */;
			targetProxy = 2325853B27907F4A00A455AE /* PBXContainerItemProxy */;
		};
		2325854627907F4A00A455AE /* PBXTargetDependency */ = {
			isa = PBXTargetDependency;
			target = 2325852027907F4900A455AE /* TravelBook */;
			targetProxy = 2325854527907F4A00A455AE /* PBXContainerItemProxy */;
		};
/* End PBXTargetDependency section */

/* Begin PBXVariantGroup section */
		2325852A27907F4900A455AE /* Main.storyboard */ = {
			isa = PBXVariantGroup;
			children = (
				2325852B27907F4900A455AE /* Base */,
			);
			name = Main.storyboard;
			sourceTree = "<group>";
		};
		2325853227907F4A00A455AE /* LaunchScreen.storyboard */ = {
			isa = PBXVariantGroup;
			children = (
				2325853327907F4A00A455AE /* Base */,
			);
			name = LaunchScreen.storyboard;
			sourceTree = "<group>";
		};
/* End PBXVariantGroup section */

/* Begin XCBuildConfiguration section */
		2325854C27907F4A00A455AE /* Debug */ = {
			isa = XCBuildConfiguration;
			buildSettings = {
				ALWAYS_SEARCH_USER_PATHS = NO;
				CLANG_ANALYZER_NONNULL = YES;
				CLANG_ANALYZER_NUMBER_OBJECT_CONVERSION = YES_AGGRESSIVE;
				CLANG_CXX_LANGUAGE_STANDARD = "gnu++17";
				CLANG_CXX_LIBRARY = "libc++";
				CLANG_ENABLE_MODULES = YES;
				CLANG_ENABLE_OBJC_ARC = YES;
				CLANG_ENABLE_OBJC_WEAK = YES;
				CLANG_WARN_BLOCK_CAPTURE_AUTORELEASING = YES;
				CLANG_WARN_BOOL_CONVERSION = YES;
				CLANG_WARN_COMMA = YES;
				CLANG_WARN_CONSTANT_CONVERSION = YES;
				CLANG_WARN_DEPRECATED_OBJC_IMPLEMENTATIONS = YES;
				CLANG_WARN_DIRECT_OBJC_ISA_USAGE = YES_ERROR;
				CLANG_WARN_DOCUMENTATION_COMMENTS = YES;
				CLANG_WARN_EMPTY_BODY = YES;
				CLANG_WARN_ENUM_CONVERSION = YES;
				CLANG_WARN_INFINITE_RECURSION = YES;
				CLANG_WARN_INT_CONVERSION = YES;
				CLANG_WARN_NON_LITERAL_NULL_CONVERSION = YES;
				CLANG_WARN_OBJC_IMPLICIT_RETAIN_SELF = YES;
				CLANG_WARN_OBJC_LITERAL_CONVERSION = YES;
				CLANG_WARN_OBJC_ROOT_CLASS = YES_ERROR;
				CLANG_WARN_QUOTED_INCLUDE_IN_FRAMEWORK_HEADER = YES;
				CLANG_WARN_RANGE_LOOP_ANALYSIS = YES;
				CLANG_WARN_STRICT_PROTOTYPES = YES;
				CLANG_WARN_SUSPICIOUS_MOVE = YES;
				CLANG_WARN_UNGUARDED_AVAILABILITY = YES_AGGRESSIVE;
				CLANG_WARN_UNREACHABLE_CODE = YES;
				CLANG_WARN__DUPLICATE_METHOD_MATCH = YES;
				COPY_PHASE_STRIP = NO;
				DEBUG_INFORMATION_FORMAT = dwarf;
				ENABLE_STRICT_OBJC_MSGSEND = YES;
				ENABLE_TESTABILITY = YES;
				GCC_C_LANGUAGE_STANDARD = gnu11;
				GCC_DYNAMIC_NO_PIC = NO;
				GCC_NO_COMMON_BLOCKS = YES;
				GCC_OPTIMIZATION_LEVEL = 0;
				GCC_PREPROCESSOR_DEFINITIONS = (
					"DEBUG=1",
					"$(inherited)",
				);
				GCC_WARN_64_TO_32_BIT_CONVERSION = YES;
				GCC_WARN_ABOUT_RETURN_TYPE = YES_ERROR;
				GCC_WARN_UNDECLARED_SELECTOR = YES;
				GCC_WARN_UNINITIALIZED_AUTOS = YES_AGGRESSIVE;
				GCC_WARN_UNUSED_FUNCTION = YES;
				GCC_WARN_UNUSED_VARIABLE = YES;
				IPHONEOS_DEPLOYMENT_TARGET = 15.2;
				MTL_ENABLE_DEBUG_INFO = INCLUDE_SOURCE;
				MTL_FAST_MATH = YES;
				ONLY_ACTIVE_ARCH = YES;
				SDKROOT = iphoneos;
				SWIFT_ACTIVE_COMPILATION_CONDITIONS = DEBUG;
				SWIFT_OPTIMIZATION_LEVEL = "-Onone";
			};
			name = Debug;
		};
		2325854D27907F4A00A455AE /* Release */ = {
			isa = XCBuildConfiguration;
			buildSettings = {
				ALWAYS_SEARCH_USER_PATHS = NO;
				CLANG_ANALYZER_NONNULL = YES;
				CLANG_ANALYZER_NUMBER_OBJECT_CONVERSION = YES_AGGRESSIVE;
				CLANG_CXX_LANGUAGE_STANDARD = "gnu++17";
				CLANG_CXX_LIBRARY = "libc++";
				CLANG_ENABLE_MODULES = YES;
				CLANG_ENABLE_OBJC_ARC = YES;
				CLANG_ENABLE_OBJC_WEAK = YES;
				CLANG_WARN_BLOCK_CAPTURE_AUTORELEASING = YES;
				CLANG_WARN_BOOL_CONVERSION = YES;
				CLANG_WARN_COMMA = YES;
				CLANG_WARN_CONSTANT_CONVERSION = YES;
				CLANG_WARN_DEPRECATED_OBJC_IMPLEMENTATIONS = YES;
				CLANG_WARN_DIRECT_OBJC_ISA_USAGE = YES_ERROR;
				CLANG_WARN_DOCUMENTATION_COMMENTS = YES;
				CLANG_WARN_EMPTY_BODY = YES;
				CLANG_WARN_ENUM_CONVERSION = YES;
				CLANG_WARN_INFINITE_RECURSION = YES;
				CLANG_WARN_INT_CONVERSION = YES;
				CLANG_WARN_NON_LITERAL_NULL_CONVERSION = YES;
				CLANG_WARN_OBJC_IMPLICIT_RETAIN_SELF = YES;
				CLANG_WARN_OBJC_LITERAL_CONVERSION = YES;
				CLANG_WARN_OBJC_ROOT_CLASS = YES_ERROR;
				CLANG_WARN_QUOTED_INCLUDE_IN_FRAMEWORK_HEADER = YES;
				CLANG_WARN_RANGE_LOOP_ANALYSIS = YES;
				CLANG_WARN_STRICT_PROTOTYPES = YES;
				CLANG_WARN_SUSPICIOUS_MOVE = YES;
				CLANG_WARN_UNGUARDED_AVAILABILITY = YES_AGGRESSIVE;
				CLANG_WARN_UNREACHABLE_CODE = YES;
				CLANG_WARN__DUPLICATE_METHOD_MATCH = YES;
				COPY_PHASE_STRIP = NO;
				DEBUG_INFORMATION_FORMAT = "dwarf-with-dsym";
				ENABLE_NS_ASSERTIONS = NO;
				ENABLE_STRICT_OBJC_MSGSEND = YES;
				GCC_C_LANGUAGE_STANDARD = gnu11;
				GCC_NO_COMMON_BLOCKS = YES;
				GCC_WARN_64_TO_32_BIT_CONVERSION = YES;
				GCC_WARN_ABOUT_RETURN_TYPE = YES_ERROR;
				GCC_WARN_UNDECLARED_SELECTOR = YES;
				GCC_WARN_UNINITIALIZED_AUTOS = YES_AGGRESSIVE;
				GCC_WARN_UNUSED_FUNCTION = YES;
				GCC_WARN_UNUSED_VARIABLE = YES;
				IPHONEOS_DEPLOYMENT_TARGET = 15.2;
				MTL_ENABLE_DEBUG_INFO = NO;
				MTL_FAST_MATH = YES;
				SDKROOT = iphoneos;
				SWIFT_COMPILATION_MODE = wholemodule;
				SWIFT_OPTIMIZATION_LEVEL = "-O";
				VALIDATE_PRODUCT = YES;
			};
			name = Release;
		};
		2325854F27907F4A00A455AE /* Debug */ = {
			isa = XCBuildConfiguration;
			buildSettings = {
				ASSETCATALOG_COMPILER_APPICON_NAME = AppIcon;
				ASSETCATALOG_COMPILER_GLOBAL_ACCENT_COLOR_NAME = AccentColor;
				CODE_SIGN_STYLE = Automatic;
				CURRENT_PROJECT_VERSION = 1;
				GENERATE_INFOPLIST_FILE = YES;
				INFOPLIST_FILE = TravelBook/Info.plist;
				INFOPLIST_KEY_UIApplicationSupportsIndirectInputEvents = YES;
				INFOPLIST_KEY_UILaunchStoryboardName = LaunchScreen;
				INFOPLIST_KEY_UIMainStoryboardFile = Main;
				INFOPLIST_KEY_UISupportedInterfaceOrientations_iPad = "UIInterfaceOrientationPortrait UIInterfaceOrientationPortraitUpsideDown UIInterfaceOrientationLandscapeLeft UIInterfaceOrientationLandscapeRight";
				INFOPLIST_KEY_UISupportedInterfaceOrientations_iPhone = "UIInterfaceOrientationPortrait UIInterfaceOrientationLandscapeLeft UIInterfaceOrientationLandscapeRight";
				LD_RUNPATH_SEARCH_PATHS = (
					"$(inherited)",
					"@executable_path/Frameworks",
				);
				MARKETING_VERSION = 1.0;
				PRODUCT_BUNDLE_IDENTIFIER = com.unsaloner.TravelBook;
				PRODUCT_NAME = "$(TARGET_NAME)";
				SWIFT_EMIT_LOC_STRINGS = YES;
				SWIFT_VERSION = 5.0;
				TARGETED_DEVICE_FAMILY = "1,2";
			};
			name = Debug;
		};
		2325855027907F4A00A455AE /* Release */ = {
			isa = XCBuildConfiguration;
			buildSettings = {
				ASSETCATALOG_COMPILER_APPICON_NAME = AppIcon;
				ASSETCATALOG_COMPILER_GLOBAL_ACCENT_COLOR_NAME = AccentColor;
				CODE_SIGN_STYLE = Automatic;
				CURRENT_PROJECT_VERSION = 1;
				GENERATE_INFOPLIST_FILE = YES;
				INFOPLIST_FILE = TravelBook/Info.plist;
				INFOPLIST_KEY_UIApplicationSupportsIndirectInputEvents = YES;
				INFOPLIST_KEY_UILaunchStoryboardName = LaunchScreen;
				INFOPLIST_KEY_UIMainStoryboardFile = Main;
				INFOPLIST_KEY_UISupportedInterfaceOrientations_iPad = "UIInterfaceOrientationPortrait UIInterfaceOrientationPortraitUpsideDown UIInterfaceOrientationLandscapeLeft UIInterfaceOrientationLandscapeRight";
				INFOPLIST_KEY_UISupportedInterfaceOrientations_iPhone = "UIInterfaceOrientationPortrait UIInterfaceOrientationLandscapeLeft UIInterfaceOrientationLandscapeRight";
				LD_RUNPATH_SEARCH_PATHS = (
					"$(inherited)",
					"@executable_path/Frameworks",
				);
				MARKETING_VERSION = 1.0;
				PRODUCT_BUNDLE_IDENTIFIER = com.unsaloner.TravelBook;
				PRODUCT_NAME = "$(TARGET_NAME)";
				SWIFT_EMIT_LOC_STRINGS = YES;
				SWIFT_VERSION = 5.0;
				TARGETED_DEVICE_FAMILY = "1,2";
			};
			name = Release;
		};
		2325855227907F4A00A455AE /* Debug */ = {
			isa = XCBuildConfiguration;
			buildSettings = {
				ALWAYS_EMBED_SWIFT_STANDARD_LIBRARIES = YES;
				BUNDLE_LOADER = "$(TEST_HOST)";
				CODE_SIGN_STYLE = Automatic;
				CURRENT_PROJECT_VERSION = 1;
				GENERATE_INFOPLIST_FILE = YES;
				IPHONEOS_DEPLOYMENT_TARGET = 15.2;
				MARKETING_VERSION = 1.0;
				PRODUCT_BUNDLE_IDENTIFIER = com.unsaloner.TravelBookTests;
				PRODUCT_NAME = "$(TARGET_NAME)";
				SWIFT_EMIT_LOC_STRINGS = NO;
				SWIFT_VERSION = 5.0;
				TARGETED_DEVICE_FAMILY = "1,2";
				TEST_HOST = "$(BUILT_PRODUCTS_DIR)/TravelBook.app/TravelBook";
			};
			name = Debug;
		};
		2325855327907F4A00A455AE /* Release */ = {
			isa = XCBuildConfiguration;
			buildSettings = {
				ALWAYS_EMBED_SWIFT_STANDARD_LIBRARIES = YES;
				BUNDLE_LOADER = "$(TEST_HOST)";
				CODE_SIGN_STYLE = Automatic;
				CURRENT_PROJECT_VERSION = 1;
				GENERATE_INFOPLIST_FILE = YES;
				IPHONEOS_DEPLOYMENT_TARGET = 15.2;
				MARKETING_VERSION = 1.0;
				PRODUCT_BUNDLE_IDENTIFIER = com.unsaloner.TravelBookTests;
				PRODUCT_NAME = "$(TARGET_NAME)";
				SWIFT_EMIT_LOC_STRINGS = NO;
				SWIFT_VERSION = 5.0;
				TARGETED_DEVICE_FAMILY = "1,2";
				TEST_HOST = "$(BUILT_PRODUCTS_DIR)/TravelBook.app/TravelBook";
			};
			name = Release;
		};
		2325855527907F4A00A455AE /* Debug */ = {
			isa = XCBuildConfiguration;
			buildSettings = {
				ALWAYS_EMBED_SWIFT_STANDARD_LIBRARIES = YES;
				CODE_SIGN_STYLE = Automatic;
				CURRENT_PROJECT_VERSION = 1;
				GENERATE_INFOPLIST_FILE = YES;
				MARKETING_VERSION = 1.0;
				PRODUCT_BUNDLE_IDENTIFIER = com.unsaloner.TravelBookUITests;
				PRODUCT_NAME = "$(TARGET_NAME)";
				SWIFT_EMIT_LOC_STRINGS = NO;
				SWIFT_VERSION = 5.0;
				TARGETED_DEVICE_FAMILY = "1,2";
				TEST_TARGET_NAME = TravelBook;
			};
			name = Debug;
		};
		2325855627907F4A00A455AE /* Release */ = {
			isa = XCBuildConfiguration;
			buildSettings = {
				ALWAYS_EMBED_SWIFT_STANDARD_LIBRARIES = YES;
				CODE_SIGN_STYLE = Automatic;
				CURRENT_PROJECT_VERSION = 1;
				GENERATE_INFOPLIST_FILE = YES;
				MARKETING_VERSION = 1.0;
				PRODUCT_BUNDLE_IDENTIFIER = com.unsaloner.TravelBookUITests;
				PRODUCT_NAME = "$(TARGET_NAME)";
				SWIFT_EMIT_LOC_STRINGS = NO;
				SWIFT_VERSION = 5.0;
				TARGETED_DEVICE_FAMILY = "1,2";
				TEST_TARGET_NAME = TravelBook;
			};
			name = Release;
		};
/* End XCBuildConfiguration section */

/* Begin XCConfigurationList section */
		2325851C27907F4900A455AE /* Build configuration list for PBXProject "TravelBook" */ = {
			isa = XCConfigurationList;
			buildConfigurations = (
				2325854C27907F4A00A455AE /* Debug */,
				2325854D27907F4A00A455AE /* Release */,
			);
			defaultConfigurationIsVisible = 0;
			defaultConfigurationName = Release;
		};
		2325854E27907F4A00A455AE /* Build configuration list for PBXNativeTarget "TravelBook" */ = {
			isa = XCConfigurationList;
			buildConfigurations = (
				2325854F27907F4A00A455AE /* Debug */,
				2325855027907F4A00A455AE /* Release */,
			);
			defaultConfigurationIsVisible = 0;
			defaultConfigurationName = Release;
		};
		2325855127907F4A00A455AE /* Build configuration list for PBXNativeTarget "TravelBookTests" */ = {
			isa = XCConfigurationList;
			buildConfigurations = (
				2325855227907F4A00A455AE /* Debug */,
				2325855327907F4A00A455AE /* Release */,
			);
			defaultConfigurationIsVisible = 0;
			defaultConfigurationName = Release;
		};
		2325855427907F4A00A455AE /* Build configuration list for PBXNativeTarget "TravelBookUITests" */ = {
			isa = XCConfigurationList;
			buildConfigurations = (
				2325855527907F4A00A455AE /* Debug */,
				2325855627907F4A00A455AE /* Release */,
			);
			defaultConfigurationIsVisible = 0;
			defaultConfigurationName = Release;
		};
/* End XCConfigurationList section */

/* Begin XCVersionGroup section */
		2325852D27907F4900A455AE /* TravelBook.xcdatamodeld */ = {
			isa = XCVersionGroup;
			children = (
				2325852E27907F4900A455AE /* TravelBook.xcdatamodel */,
			);
			currentVersion = 2325852E27907F4900A455AE /* TravelBook.xcdatamodel */;
			path = TravelBook.xcdatamodeld;
			sourceTree = "<group>";
			versionGroupType = wrapper.xcdatamodel;
		};
/* End XCVersionGroup section */
	};
	rootObject = 2325851927907F4900A455AE /* Project object */;
}
